<?xml version="1.0" encoding="utf-8"?>
<Project ToolsVersion="4.0" xmlns="http://schemas.microsoft.com/developer/msbuild/2003">
  <ItemGroup>
    <Filter Include="Source Files">
      <UniqueIdentifier>{4FC737F1-C7A5-4376-A066-2A32D752A2FF}</UniqueIdentifier>
      <Extensions>cpp;c;cc;cxx;c++;cppm;ixx;def;odl;idl;hpj;bat;asm;asmx</Extensions>
    </Filter>
    <Filter Include="Header Files">
      <UniqueIdentifier>{93995380-89BD-4b04-88EB-625FBE52EBFB}</UniqueIdentifier>
      <Extensions>h;hh;hpp;hxx;h++;hm;inl;inc;ipp;xsd</Extensions>
    </Filter>
    <Filter Include="Resource Files">
      <UniqueIdentifier>{67DA6AB6-F800-4c08-8B7A-83BB121AAD01}</UniqueIdentifier>
      <Extensions>rc;ico;cur;bmp;dlg;rc2;rct;bin;rgs;gif;jpg;jpeg;jpe;resx;tiff;tif;png;wav;mfcribbon-ms</Extensions>
    </Filter>
    <Filter Include="Header Files\Models">
      <UniqueIdentifier>{fdd1578d-a0cf-4f6b-a875-119c1f94623a}</UniqueIdentifier>
    </Filter>
    <Filter Include="Header Files\Transformation">
      <UniqueIdentifier>{121091f4-3bdf-43d8-b69c-50ee9cc65634}</UniqueIdentifier>
    </Filter>
    <Filter Include="Source Files\Transformation">
      <UniqueIdentifier>{3c08010c-bbb3-4af6-814e-a03d55d85537}</UniqueIdentifier>
    </Filter>
    <Filter Include="Header Files\Observer">
      <UniqueIdentifier>{57e8e4d1-8dca-4c5b-8f57-392c7ff90964}</UniqueIdentifier>
    </Filter>
    <Filter Include="Source Files\Observer">
      <UniqueIdentifier>{52e005f4-45de-4afc-9790-f8fd76336495}</UniqueIdentifier>
    </Filter>
  </ItemGroup>
  <ItemGroup>
    <ClCompile Include="Source\Application.cpp">
      <Filter>Source Files</Filter>
    </ClCompile>
    <ClCompile Include="Source\FileLoader.cpp">
      <Filter>Source Files</Filter>
    </ClCompile>
    <ClCompile Include="Source\Callback.cpp">
      <Filter>Source Files</Filter>
    </ClCompile>
    <ClCompile Include="Source\Camera.cpp">
      <Filter>Source Files</Filter>
    </ClCompile>
    <ClCompile Include="Source\main.cpp">
      <Filter>Source Files</Filter>
    </ClCompile>
    <ClCompile Include="Source\Model.cpp">
      <Filter>Source Files</Filter>
    </ClCompile>
    <ClCompile Include="Source\RenderModel.cpp">
      <Filter>Source Files</Filter>
    </ClCompile>
    <ClCompile Include="Source\Rotation.cpp">
      <Filter>Source Files</Filter>
    </ClCompile>
    <ClCompile Include="Source\Scale.cpp">
      <Filter>Source Files</Filter>
    </ClCompile>
    <ClCompile Include="Source\Scene.cpp">
      <Filter>Source Files</Filter>
    </ClCompile>
    <ClCompile Include="Source\Shader.cpp">
      <Filter>Source Files</Filter>
    </ClCompile>
    <ClCompile Include="Source\Subject.cpp">
      <Filter>Source Files</Filter>
    </ClCompile>
    <ClCompile Include="Source\TransformationComposite.cpp">
      <Filter>Source Files</Filter>
    </ClCompile>
    <ClCompile Include="Source\Translation.cpp">
      <Filter>Source Files</Filter>
    </ClCompile>
  </ItemGroup>
  <ItemGroup>
    <ClInclude Include="Models\plain.h">
      <Filter>Header Files\Models</Filter>
    </ClInclude>
    <ClInclude Include="Models\sphere.h">
      <Filter>Header Files\Models</Filter>
    </ClInclude>
    <ClInclude Include="Models\suzi_flat.h">
      <Filter>Header Files\Models</Filter>
    </ClInclude>
    <ClInclude Include="Models\suzi_smooth.h">
      <Filter>Header Files\Models</Filter>
    </ClInclude>
    <ClInclude Include="Include\Transformation\Rotation.h">
      <Filter>Header Files\Transformation</Filter>
    </ClInclude>
    <ClInclude Include="Include\Transformation\Scale.h">
      <Filter>Header Files\Transformation</Filter>
    </ClInclude>
    <ClInclude Include="Include\Transformation\Transformation.h">
      <Filter>Header Files\Transformation</Filter>
    </ClInclude>
    <ClInclude Include="Include\Transformation\TransformationComposite.h">
      <Filter>Header Files\Transformation</Filter>
    </ClInclude>
    <ClInclude Include="Include\Transformation\Translation.h">
      <Filter>Header Files\Transformation</Filter>
    </ClInclude>
    <ClInclude Include="Include\Application.h">
      <Filter>Header Files</Filter>
    </ClInclude>
    <ClInclude Include="Include\Callback.h">
      <Filter>Header Files</Filter>
    </ClInclude>
    <ClInclude Include="Include\Camera.h">
      <Filter>Header Files</Filter>
    </ClInclude>
    <ClInclude Include="Include\Model.h">
      <Filter>Header Files</Filter>
    </ClInclude>
    <ClInclude Include="Include\RenderModel.h">
      <Filter>Header Files</Filter>
    </ClInclude>
    <ClInclude Include="Include\Scene.h">
      <Filter>Header Files</Filter>
    </ClInclude>
    <ClInclude Include="Include\Shader.h">
      <Filter>Header Files</Filter>
    </ClInclude>
    <ClInclude Include="Include\Observer\Observer.h">
      <Filter>Header Files\Observer</Filter>
    </ClInclude>
    <ClInclude Include="Include\Observer\Subject.h">
      <Filter>Header Files\Observer</Filter>
    </ClInclude>
    <ClInclude Include="Include\FileLoader.h">
      <Filter>Header Files</Filter>
    </ClInclude>
    <ClInclude Include="Models\bushes.hpp">
      <Filter>Header Files\Models</Filter>
    </ClInclude>
    <ClInclude Include="Models\gift.h">
      <Filter>Header Files\Models</Filter>
    </ClInclude>
    <ClInclude Include="Models\tree.h">
      <Filter>Header Files\Models</Filter>
    </ClInclude>
  </ItemGroup>
  <ItemGroup>
    <None Include="Shaders\fragment.frag">
      <Filter>Resource Files</Filter>
    </None>
    <None Include="Shaders\vertex.vert">
      <Filter>Resource Files</Filter>
    </None>
  </ItemGroup>
</Project>