<?xml version="1.0" encoding="utf-8"?>
<Project ToolsVersion="4.0" xmlns="http://schemas.microsoft.com/developer/msbuild/2003">
  <ItemGroup>
    <Filter Include="Source Files">
      <UniqueIdentifier>{4FC737F1-C7A5-4376-A066-2A32D752A2FF}</UniqueIdentifier>
      <Extensions>cpp;c;cc;cxx;c++;cppm;ixx;def;odl;idl;hpj;bat;asm;asmx</Extensions>
    </Filter>
    <Filter Include="Header Files">
      <UniqueIdentifier>{93995380-89BD-4b04-88EB-625FBE52EBFB}</UniqueIdentifier>
      <Extensions>h;hh;hpp;hxx;h++;hm;inl;inc;ipp;xsd</Extensions>
    </Filter>
    <Filter Include="Resource Files">
      <UniqueIdentifier>{67DA6AB6-F800-4c08-8B7A-83BB121AAD01}</UniqueIdentifier>
      <Extensions>rc;ico;cur;bmp;dlg;rc2;rct;bin;rgs;gif;jpg;jpeg;jpe;resx;tiff;tif;png;wav;mfcribbon-ms</Extensions>
    </Filter>
    <Filter Include="Header Files\Models">
      <UniqueIdentifier>{fdd1578d-a0cf-4f6b-a875-119c1f94623a}</UniqueIdentifier>
    </Filter>
    <Filter Include="Header Files\Transformation">
      <UniqueIdentifier>{121091f4-3bdf-43d8-b69c-50ee9cc65634}</UniqueIdentifier>
    </Filter>
    <Filter Include="Source Files\Transformation">
      <UniqueIdentifier>{3c08010c-bbb3-4af6-814e-a03d55d85537}</UniqueIdentifier>
    </Filter>
    <Filter Include="Header Files\Observer">
      <UniqueIdentifier>{57e8e4d1-8dca-4c5b-8f57-392c7ff90964}</UniqueIdentifier>
    </Filter>
    <Filter Include="Source Files\Observer">
      <UniqueIdentifier>{52e005f4-45de-4afc-9790-f8fd76336495}</UniqueIdentifier>
    </Filter>
    <Filter Include="Header Files\Lights">
      <UniqueIdentifier>{c6540ae9-5176-4379-9cc7-7883e2f17709}</UniqueIdentifier>
    </Filter>
    <Filter Include="Source Files\Lights">
      <UniqueIdentifier>{cd3122f3-1a7b-4793-b88b-59eb238a59f9}</UniqueIdentifier>
    </Filter>
    <Filter Include="Source Files\Shaders">
      <UniqueIdentifier>{646b6f59-6ba6-4e42-aeb1-32eec2263fb3}</UniqueIdentifier>
    </Filter>
    <Filter Include="Header Files\Shaders">
      <UniqueIdentifier>{8798a726-18c2-40b0-8502-eb4585d647ab}</UniqueIdentifier>
    </Filter>
  </ItemGroup>
  <ItemGroup>
    <ClCompile Include="Source\Application.cpp">
      <Filter>Source Files</Filter>
    </ClCompile>
    <ClCompile Include="Source\FileLoader.cpp">
      <Filter>Source Files</Filter>
    </ClCompile>
    <ClCompile Include="Source\Callback.cpp">
      <Filter>Source Files</Filter>
    </ClCompile>
    <ClCompile Include="Source\Camera.cpp">
      <Filter>Source Files</Filter>
    </ClCompile>
    <ClCompile Include="Source\main.cpp">
      <Filter>Source Files</Filter>
    </ClCompile>
    <ClCompile Include="Source\Model.cpp">
      <Filter>Source Files</Filter>
    </ClCompile>
    <ClCompile Include="Source\RenderModel.cpp">
      <Filter>Source Files</Filter>
    </ClCompile>
    <ClCompile Include="Source\Scene.cpp">
      <Filter>Source Files</Filter>
    </ClCompile>
    <ClCompile Include="Source\TransformationComposite.cpp">
      <Filter>Source Files\Transformation</Filter>
    </ClCompile>
    <ClCompile Include="Source\Translation.cpp">
      <Filter>Source Files\Transformation</Filter>
    </ClCompile>
    <ClCompile Include="Source\Scale.cpp">
      <Filter>Source Files\Transformation</Filter>
    </ClCompile>
    <ClCompile Include="Source\Rotation.cpp">
      <Filter>Source Files\Transformation</Filter>
    </ClCompile>
    <ClCompile Include="Source\Subject.cpp">
      <Filter>Source Files\Observer</Filter>
    </ClCompile>
    <ClCompile Include="Source\Lights\DirectionLight.cpp">
      <Filter>Source Files\Lights</Filter>
    </ClCompile>
    <ClCompile Include="Source\Lights\PointLight.cpp">
      <Filter>Source Files\Lights</Filter>
    </ClCompile>
    <ClCompile Include="Source\Lights\SpotLight.cpp">
      <Filter>Source Files\Lights</Filter>
    </ClCompile>
    <ClCompile Include="Source\Texture.cpp">
      <Filter>Source Files</Filter>
    </ClCompile>
    <ClCompile Include="Source\Shader\VertexShader.cpp">
      <Filter>Source Files\Shaders</Filter>
    </ClCompile>
    <ClCompile Include="Source\Shader\FragmentShader.cpp">
      <Filter>Source Files\Shaders</Filter>
    </ClCompile>
    <ClCompile Include="Source\Shader\ShaderProgram.cpp">
      <Filter>Source Files\Shaders</Filter>
    </ClCompile>
    <ClCompile Include="Source\Material.cpp">
      <Filter>Source Files</Filter>
    </ClCompile>
    <ClCompile Include="Source\Transformation\BezierTranslation.cpp">
      <Filter>Source Files\Transformation</Filter>
    </ClCompile>
    <ClCompile Include="Source\Transformation\LineTranslation.cpp">
      <Filter>Source Files\Transformation</Filter>
    </ClCompile>
  </ItemGroup>
  <ItemGroup>
    <None Include="Shaders\fragment.frag">
      <Filter>Resource Files</Filter>
    </None>
    <None Include="Shaders\vertex.vert">
      <Filter>Resource Files</Filter>
    </None>
    <None Include="Shaders\fragmentLambert.frag">
      <Filter>Resource Files</Filter>
    </None>
    <None Include="Shaders\vertexlights.vert">
      <Filter>Resource Files</Filter>
    </None>
    <None Include="Shaders\fragmentConstant.frag">
      <Filter>Resource Files</Filter>
    </None>
    <None Include="Shaders\vertexConstant.vert">
      <Filter>Resource Files</Filter>
    </None>
    <None Include="Shaders\fragmentPhong.frag">
      <Filter>Resource Files</Filter>
    </None>
    <None Include="Shaders\fragmentBlinn.frag">
      <Filter>Resource Files</Filter>
    </None>
    <None Include="Shaders\fragmentPhongWrong.frag">
      <Filter>Resource Files</Filter>
    </None>
    <None Include="packages.config" />
    <None Include="Shaders\fragmentPhongTexture.frag">
      <Filter>Resource Files</Filter>
    </None>
    <None Include="Shaders\vertexLightsTexture.vert">
      <Filter>Resource Files</Filter>
    </None>
    <None Include="Shaders\fragmentCube.frag">
      <Filter>Resource Files</Filter>
    </None>
    <None Include="Shaders\vertexCube.vert">
      <Filter>Resource Files</Filter>
    </None>
    <None Include="Shaders\fragmentPhongFloor.frag">
      <Filter>Resource Files</Filter>
    </None>
    <None Include="README.md" />
  </ItemGroup>
  <ItemGroup>
    <ClInclude Include="Headers\Observer\Observer.h">
      <Filter>Header Files\Observer</Filter>
    </ClInclude>
    <ClInclude Include="Headers\Observer\Subject.h">
      <Filter>Header Files\Observer</Filter>
    </ClInclude>
    <ClInclude Include="Headers\Transformation\Rotation.h">
      <Filter>Header Files\Transformation</Filter>
    </ClInclude>
    <ClInclude Include="Headers\Transformation\Scale.h">
      <Filter>Header Files\Transformation</Filter>
    </ClInclude>
    <ClInclude Include="Headers\Transformation\Transformation.h">
      <Filter>Header Files\Transformation</Filter>
    </ClInclude>
    <ClInclude Include="Headers\Transformation\TransformationComposite.h">
      <Filter>Header Files\Transformation</Filter>
    </ClInclude>
    <ClInclude Include="Headers\Transformation\Translation.h">
      <Filter>Header Files\Transformation</Filter>
    </ClInclude>
    <ClInclude Include="Headers\Application.h">
      <Filter>Header Files</Filter>
    </ClInclude>
    <ClInclude Include="Headers\Callback.h">
      <Filter>Header Files</Filter>
    </ClInclude>
    <ClInclude Include="Headers\Camera.h">
      <Filter>Header Files</Filter>
    </ClInclude>
    <ClInclude Include="Headers\FileLoader.h">
      <Filter>Header Files</Filter>
    </ClInclude>
    <ClInclude Include="Headers\Model.h">
      <Filter>Header Files</Filter>
    </ClInclude>
    <ClInclude Include="Headers\RenderModel.h">
      <Filter>Header Files</Filter>
    </ClInclude>
    <ClInclude Include="Headers\Scene.h">
      <Filter>Header Files</Filter>
    </ClInclude>
    <ClInclude Include="Models\bushes.hpp">
      <Filter>Header Files\Models</Filter>
    </ClInclude>
    <ClInclude Include="Models\gift.hpp">
      <Filter>Header Files\Models</Filter>
    </ClInclude>
    <ClInclude Include="Models\plain.hpp">
      <Filter>Header Files\Models</Filter>
    </ClInclude>
    <ClInclude Include="Models\sphere.hpp">
      <Filter>Header Files\Models</Filter>
    </ClInclude>
    <ClInclude Include="Models\suzi_flat.hpp">
      <Filter>Header Files\Models</Filter>
    </ClInclude>
    <ClInclude Include="Models\suzi_smooth.hpp">
      <Filter>Header Files\Models</Filter>
    </ClInclude>
    <ClInclude Include="Models\tree.hpp">
      <Filter>Header Files\Models</Filter>
    </ClInclude>
    <ClInclude Include="Headers\Material.h">
      <Filter>Header Files</Filter>
    </ClInclude>
    <ClInclude Include="Headers\Light\DirectionLight.h">
      <Filter>Header Files\Lights</Filter>
    </ClInclude>
    <ClInclude Include="Headers\Light\Light.h">
      <Filter>Header Files\Lights</Filter>
    </ClInclude>
    <ClInclude Include="Headers\Light\PointLight.h">
      <Filter>Header Files\Lights</Filter>
    </ClInclude>
    <ClInclude Include="Headers\Light\SpotLight.h">
      <Filter>Header Files\Lights</Filter>
    </ClInclude>
    <ClInclude Include="Models\skycube.h">
      <Filter>Header Files\Models</Filter>
    </ClInclude>
    <ClInclude Include="Headers\Texture.h">
      <Filter>Header Files</Filter>
    </ClInclude>
    <ClInclude Include="Headers\Shader\FragmentShader.h">
      <Filter>Header Files\Shaders</Filter>
    </ClInclude>
    <ClInclude Include="Headers\Shader\VertexShader.h">
      <Filter>Header Files\Shaders</Filter>
    </ClInclude>
    <ClInclude Include="Headers\Shader\ShaderProgram.h">
      <Filter>Header Files\Shaders</Filter>
    </ClInclude>
    <ClInclude Include="Models\building.h">
      <Filter>Header Files\Models</Filter>
    </ClInclude>
    <ClInclude Include="Headers\Transformation\BezierTranslation.h">
      <Filter>Header Files\Transformation</Filter>
    </ClInclude>
    <ClInclude Include="Headers\Transformation\LineTranslation.h">
      <Filter>Header Files\Transformation</Filter>
    </ClInclude>
  </ItemGroup>
</Project>